// !$*UTF8*$!
{
	archiveVersion = 1;
	classes = {
	};
	objectVersion = 56;
	objects = {

/* Begin PBXBuildFile section */
		D10CD396298A564E0092ED02 /* AppDelegate.swift in Sources */ = {isa = PBXBuildFile; fileRef = D10CD395298A564E0092ED02 /* AppDelegate.swift */; };
		D10CD398298A564E0092ED02 /* SceneDelegate.swift in Sources */ = {isa = PBXBuildFile; fileRef = D10CD397298A564E0092ED02 /* SceneDelegate.swift */; };
		D10CD39A298A564E0092ED02 /* ViewController.swift in Sources */ = {isa = PBXBuildFile; fileRef = D10CD399298A564E0092ED02 /* ViewController.swift */; };
		D10CD39D298A564E0092ED02 /* Main.storyboard in Resources */ = {isa = PBXBuildFile; fileRef = D10CD39B298A564E0092ED02 /* Main.storyboard */; };
		D10CD39F298A56500092ED02 /* Assets.xcassets in Resources */ = {isa = PBXBuildFile; fileRef = D10CD39E298A56500092ED02 /* Assets.xcassets */; };
		D10CD3A2298A56500092ED02 /* LaunchScreen.storyboard in Resources */ = {isa = PBXBuildFile; fileRef = D10CD3A0298A56500092ED02 /* LaunchScreen.storyboard */; };
		D10CD3AA298A58B50092ED02 /* NewsViewController.swift in Sources */ = {isa = PBXBuildFile; fileRef = D10CD3A9298A58B50092ED02 /* NewsViewController.swift */; };
		D10CD3B2298A5D790092ED02 /* APICaller.swift in Sources */ = {isa = PBXBuildFile; fileRef = D10CD3B1298A5D790092ED02 /* APICaller.swift */; };
		D10CD3B4298A62000092ED02 /* Model.swift in Sources */ = {isa = PBXBuildFile; fileRef = D10CD3B3298A62000092ED02 /* Model.swift */; };
		D10CD3B7298A6BBF0092ED02 /* NewsTableViewCell.swift in Sources */ = {isa = PBXBuildFile; fileRef = D10CD3B6298A6BBF0092ED02 /* NewsTableViewCell.swift */; };
		D10CD3B9298A6F0E0092ED02 /* NewsTableViewCellViewModel.swift in Sources */ = {isa = PBXBuildFile; fileRef = D10CD3B8298A6F0E0092ED02 /* NewsTableViewCellViewModel.swift */; };
/* End PBXBuildFile section */

/* Begin PBXFileReference section */
		D10CD392298A564E0092ED02 /* News.app */ = {isa = PBXFileReference; explicitFileType = wrapper.application; includeInIndex = 0; path = News.app; sourceTree = BUILT_PRODUCTS_DIR; };
		D10CD395298A564E0092ED02 /* AppDelegate.swift */ = {isa = PBXFileReference; lastKnownFileType = sourcecode.swift; path = AppDelegate.swift; sourceTree = "<group>"; };
		D10CD397298A564E0092ED02 /* SceneDelegate.swift */ = {isa = PBXFileReference; lastKnownFileType = sourcecode.swift; path = SceneDelegate.swift; sourceTree = "<group>"; };
		D10CD399298A564E0092ED02 /* ViewController.swift */ = {isa = PBXFileReference; lastKnownFileType = sourcecode.swift; path = ViewController.swift; sourceTree = "<group>"; };
		D10CD39C298A564E0092ED02 /* Base */ = {isa = PBXFileReference; lastKnownFileType = file.storyboard; name = Base; path = Base.lproj/Main.storyboard; sourceTree = "<group>"; };
		D10CD39E298A56500092ED02 /* Assets.xcassets */ = {isa = PBXFileReference; lastKnownFileType = folder.assetcatalog; path = Assets.xcassets; sourceTree = "<group>"; };
		D10CD3A1298A56500092ED02 /* Base */ = {isa = PBXFileReference; lastKnownFileType = file.storyboard; name = Base; path = Base.lproj/LaunchScreen.storyboard; sourceTree = "<group>"; };
		D10CD3A3298A56500092ED02 /* Info.plist */ = {isa = PBXFileReference; lastKnownFileType = text.plist.xml; path = Info.plist; sourceTree = "<group>"; };
		D10CD3A9298A58B50092ED02 /* NewsViewController.swift */ = {isa = PBXFileReference; lastKnownFileType = sourcecode.swift; path = NewsViewController.swift; sourceTree = "<group>"; };
		D10CD3B1298A5D790092ED02 /* APICaller.swift */ = {isa = PBXFileReference; lastKnownFileType = sourcecode.swift; path = APICaller.swift; sourceTree = "<group>"; };
		D10CD3B3298A62000092ED02 /* Model.swift */ = {isa = PBXFileReference; lastKnownFileType = sourcecode.swift; path = Model.swift; sourceTree = "<group>"; };
		D10CD3B6298A6BBF0092ED02 /* NewsTableViewCell.swift */ = {isa = PBXFileReference; lastKnownFileType = sourcecode.swift; path = NewsTableViewCell.swift; sourceTree = "<group>"; };
		D10CD3B8298A6F0E0092ED02 /* NewsTableViewCellViewModel.swift */ = {isa = PBXFileReference; lastKnownFileType = sourcecode.swift; path = NewsTableViewCellViewModel.swift; sourceTree = "<group>"; };
/* End PBXFileReference section */

/* Begin PBXFrameworksBuildPhase section */
		D10CD38F298A564E0092ED02 /* Frameworks */ = {
			isa = PBXFrameworksBuildPhase;
			buildActionMask = 2147483647;
			files = (
			);
			runOnlyForDeploymentPostprocessing = 0;
		};
/* End PBXFrameworksBuildPhase section */

/* Begin PBXGroup section */
		D10CD389298A564E0092ED02 = {
			isa = PBXGroup;
			children = (
				D10CD394298A564E0092ED02 /* News */,
				D10CD393298A564E0092ED02 /* Products */,
			);
			sourceTree = "<group>";
		};
		D10CD393298A564E0092ED02 /* Products */ = {
			isa = PBXGroup;
			children = (
				D10CD392298A564E0092ED02 /* News.app */,
			);
			name = Products;
			sourceTree = "<group>";
		};
		D10CD394298A564E0092ED02 /* News */ = {
			isa = PBXGroup;
			children = (
				D10CD3B5298A6B510092ED02 /* Cell */,
				D10CD3B0298A5D570092ED02 /* APICaller */,
				D10CD3AF298A5CD50092ED02 /* Model */,
				D10CD3AD298A59630092ED02 /* Views */,
				D10CD3AC298A59290092ED02 /* Resources */,
				D10CD3AB298A58BC0092ED02 /* Controllers */,
				D10CD3A3298A56500092ED02 /* Info.plist */,
			);
			path = News;
			sourceTree = "<group>";
		};
		D10CD3AB298A58BC0092ED02 /* Controllers */ = {
			isa = PBXGroup;
			children = (
				D10CD3A9298A58B50092ED02 /* NewsViewController.swift */,
				D10CD399298A564E0092ED02 /* ViewController.swift */,
			);
			path = Controllers;
			sourceTree = "<group>";
		};
		D10CD3AC298A59290092ED02 /* Resources */ = {
			isa = PBXGroup;
			children = (
				D10CD397298A564E0092ED02 /* SceneDelegate.swift */,
				D10CD395298A564E0092ED02 /* AppDelegate.swift */,
			);
			path = Resources;
			sourceTree = "<group>";
		};
		D10CD3AD298A59630092ED02 /* Views */ = {
			isa = PBXGroup;
			children = (
				D10CD39E298A56500092ED02 /* Assets.xcassets */,
				D10CD3AE298A59730092ED02 /* Storyboard */,
			);
			path = Views;
			sourceTree = "<group>";
		};
		D10CD3AE298A59730092ED02 /* Storyboard */ = {
			isa = PBXGroup;
			children = (
				D10CD39B298A564E0092ED02 /* Main.storyboard */,
				D10CD3A0298A56500092ED02 /* LaunchScreen.storyboard */,
			);
			path = Storyboard;
			sourceTree = "<group>";
		};
		D10CD3AF298A5CD50092ED02 /* Model */ = {
			isa = PBXGroup;
			children = (
				D10CD3B3298A62000092ED02 /* Model.swift */,
				D10CD3B8298A6F0E0092ED02 /* NewsTableViewCellViewModel.swift */,
			);
			path = Model;
			sourceTree = "<group>";
		};
		D10CD3B0298A5D570092ED02 /* APICaller */ = {
			isa = PBXGroup;
			children = (
				D10CD3B1298A5D790092ED02 /* APICaller.swift */,
			);
			path = APICaller;
			sourceTree = "<group>";
		};
		D10CD3B5298A6B510092ED02 /* Cell */ = {
			isa = PBXGroup;
			children = (
				D10CD3B6298A6BBF0092ED02 /* NewsTableViewCell.swift */,
			);
			path = Cell;
			sourceTree = "<group>";
		};
/* End PBXGroup section */

/* Begin PBXNativeTarget section */
		D10CD391298A564E0092ED02 /* News */ = {
			isa = PBXNativeTarget;
			buildConfigurationList = D10CD3A6298A56500092ED02 /* Build configuration list for PBXNativeTarget "News" */;
			buildPhases = (
				D10CD38E298A564E0092ED02 /* Sources */,
				D10CD38F298A564E0092ED02 /* Frameworks */,
				D10CD390298A564E0092ED02 /* Resources */,
			);
			buildRules = (
			);
			dependencies = (
			);
			name = News;
			productName = News;
			productReference = D10CD392298A564E0092ED02 /* News.app */;
			productType = "com.apple.product-type.application";
		};
/* End PBXNativeTarget section */

/* Begin PBXProject section */
		D10CD38A298A564E0092ED02 /* Project object */ = {
			isa = PBXProject;
			attributes = {
				BuildIndependentTargetsInParallel = 1;
				LastSwiftUpdateCheck = 1410;
				LastUpgradeCheck = 1410;
				TargetAttributes = {
					D10CD391298A564E0092ED02 = {
						CreatedOnToolsVersion = 14.1;
					};
				};
			};
			buildConfigurationList = D10CD38D298A564E0092ED02 /* Build configuration list for PBXProject "News" */;
			compatibilityVersion = "Xcode 14.0";
			developmentRegion = en;
			hasScannedForEncodings = 0;
			knownRegions = (
				en,
				Base,
			);
			mainGroup = D10CD389298A564E0092ED02;
			productRefGroup = D10CD393298A564E0092ED02 /* Products */;
			projectDirPath = "";
			projectRoot = "";
			targets = (
				D10CD391298A564E0092ED02 /* News */,
			);
		};
/* End PBXProject section */

/* Begin PBXResourcesBuildPhase section */
		D10CD390298A564E0092ED02 /* Resources */ = {
			isa = PBXResourcesBuildPhase;
			buildActionMask = 2147483647;
			files = (
				D10CD3A2298A56500092ED02 /* LaunchScreen.storyboard in Resources */,
				D10CD39F298A56500092ED02 /* Assets.xcassets in Resources */,
				D10CD39D298A564E0092ED02 /* Main.storyboard in Resources */,
			);
			runOnlyForDeploymentPostprocessing = 0;
		};
/* End PBXResourcesBuildPhase section */

/* Begin PBXSourcesBuildPhase section */
		D10CD38E298A564E0092ED02 /* Sources */ = {
			isa = PBXSourcesBuildPhase;
			buildActionMask = 2147483647;
			files = (
				D10CD39A298A564E0092ED02 /* ViewController.swift in Sources */,
				D10CD3B7298A6BBF0092ED02 /* NewsTableViewCell.swift in Sources */,
				D10CD396298A564E0092ED02 /* AppDelegate.swift in Sources */,
				D10CD398298A564E0092ED02 /* SceneDelegate.swift in Sources */,
				D10CD3B4298A62000092ED02 /* Model.swift in Sources */,
				D10CD3B2298A5D790092ED02 /* APICaller.swift in Sources */,
				D10CD3B9298A6F0E0092ED02 /* NewsTableViewCellViewModel.swift in Sources */,
				D10CD3AA298A58B50092ED02 /* NewsViewController.swift in Sources */,
			);
			runOnlyForDeploymentPostprocessing = 0;
		};
/* End PBXSourcesBuildPhase section */

/* Begin PBXVariantGroup section */
		D10CD39B298A564E0092ED02 /* Main.storyboard */ = {
			isa = PBXVariantGroup;
			children = (
				D10CD39C298A564E0092ED02 /* Base */,
			);
			name = Main.storyboard;
			sourceTree = "<group>";
		};
		D10CD3A0298A56500092ED02 /* LaunchScreen.storyboard */ = {
			isa = PBXVariantGroup;
			children = (
				D10CD3A1298A56500092ED02 /* Base */,
			);
			name = LaunchScreen.storyboard;
			sourceTree = "<group>";
		};
/* End PBXVariantGroup section */

/* Begin XCBuildConfiguration section */
		D10CD3A4298A56500092ED02 /* Debug */ = {
			isa = XCBuildConfiguration;
			buildSettings = {
				ALWAYS_SEARCH_USER_PATHS = NO;
				CLANG_ANALYZER_NONNULL = YES;
				CLANG_ANALYZER_NUMBER_OBJECT_CONVERSION = YES_AGGRESSIVE;
				CLANG_CXX_LANGUAGE_STANDARD = "gnu++20";
				CLANG_ENABLE_MODULES = YES;
				CLANG_ENABLE_OBJC_ARC = YES;
				CLANG_ENABLE_OBJC_WEAK = YES;
				CLANG_WARN_BLOCK_CAPTURE_AUTORELEASING = YES;
				CLANG_WARN_BOOL_CONVERSION = YES;
				CLANG_WARN_COMMA = YES;
				CLANG_WARN_CONSTANT_CONVERSION = YES;
				CLANG_WARN_DEPRECATED_OBJC_IMPLEMENTATIONS = YES;
				CLANG_WARN_DIRECT_OBJC_ISA_USAGE = YES_ERROR;
				CLANG_WARN_DOCUMENTATION_COMMENTS = YES;
				CLANG_WARN_EMPTY_BODY = YES;
				CLANG_WARN_ENUM_CONVERSION = YES;
				CLANG_WARN_INFINITE_RECURSION = YES;
				CLANG_WARN_INT_CONVERSION = YES;
				CLANG_WARN_NON_LITERAL_NULL_CONVERSION = YES;
				CLANG_WARN_OBJC_IMPLICIT_RETAIN_SELF = YES;
				CLANG_WARN_OBJC_LITERAL_CONVERSION = YES;
				CLANG_WARN_OBJC_ROOT_CLASS = YES_ERROR;
				CLANG_WARN_QUOTED_INCLUDE_IN_FRAMEWORK_HEADER = YES;
				CLANG_WARN_RANGE_LOOP_ANALYSIS = YES;
				CLANG_WARN_STRICT_PROTOTYPES = YES;
				CLANG_WARN_SUSPICIOUS_MOVE = YES;
				CLANG_WARN_UNGUARDED_AVAILABILITY = YES_AGGRESSIVE;
				CLANG_WARN_UNREACHABLE_CODE = YES;
				CLANG_WARN__DUPLICATE_METHOD_MATCH = YES;
				COPY_PHASE_STRIP = NO;
				DEBUG_INFORMATION_FORMAT = dwarf;
				ENABLE_STRICT_OBJC_MSGSEND = YES;
				ENABLE_TESTABILITY = YES;
				GCC_C_LANGUAGE_STANDARD = gnu11;
				GCC_DYNAMIC_NO_PIC = NO;
				GCC_NO_COMMON_BLOCKS = YES;
				GCC_OPTIMIZATION_LEVEL = 0;
				GCC_PREPROCESSOR_DEFINITIONS = (
					"DEBUG=1",
					"$(inherited)",
				);
				GCC_WARN_64_TO_32_BIT_CONVERSION = YES;
				GCC_WARN_ABOUT_RETURN_TYPE = YES_ERROR;
				GCC_WARN_UNDECLARED_SELECTOR = YES;
				GCC_WARN_UNINITIALIZED_AUTOS = YES_AGGRESSIVE;
				GCC_WARN_UNUSED_FUNCTION = YES;
				GCC_WARN_UNUSED_VARIABLE = YES;
				IPHONEOS_DEPLOYMENT_TARGET = 16.1;
				MTL_ENABLE_DEBUG_INFO = INCLUDE_SOURCE;
				MTL_FAST_MATH = YES;
				ONLY_ACTIVE_ARCH = YES;
				SDKROOT = iphoneos;
				SWIFT_ACTIVE_COMPILATION_CONDITIONS = DEBUG;
				SWIFT_OPTIMIZATION_LEVEL = "-Onone";
			};
			name = Debug;
		};
		D10CD3A5298A56500092ED02 /* Release */ = {
			isa = XCBuildConfiguration;
			buildSettings = {
				ALWAYS_SEARCH_USER_PATHS = NO;
				CLANG_ANALYZER_NONNULL = YES;
				CLANG_ANALYZER_NUMBER_OBJECT_CONVERSION = YES_AGGRESSIVE;
				CLANG_CXX_LANGUAGE_STANDARD = "gnu++20";
				CLANG_ENABLE_MODULES = YES;
				CLANG_ENABLE_OBJC_ARC = YES;
				CLANG_ENABLE_OBJC_WEAK = YES;
				CLANG_WARN_BLOCK_CAPTURE_AUTORELEASING = YES;
				CLANG_WARN_BOOL_CONVERSION = YES;
				CLANG_WARN_COMMA = YES;
				CLANG_WARN_CONSTANT_CONVERSION = YES;
				CLANG_WARN_DEPRECATED_OBJC_IMPLEMENTATIONS = YES;
				CLANG_WARN_DIRECT_OBJC_ISA_USAGE = YES_ERROR;
				CLANG_WARN_DOCUMENTATION_COMMENTS = YES;
				CLANG_WARN_EMPTY_BODY = YES;
				CLANG_WARN_ENUM_CONVERSION = YES;
				CLANG_WARN_INFINITE_RECURSION = YES;
				CLANG_WARN_INT_CONVERSION = YES;
				CLANG_WARN_NON_LITERAL_NULL_CONVERSION = YES;
				CLANG_WARN_OBJC_IMPLICIT_RETAIN_SELF = YES;
				CLANG_WARN_OBJC_LITERAL_CONVERSION = YES;
				CLANG_WARN_OBJC_ROOT_CLASS = YES_ERROR;
				CLANG_WARN_QUOTED_INCLUDE_IN_FRAMEWORK_HEADER = YES;
				CLANG_WARN_RANGE_LOOP_ANALYSIS = YES;
				CLANG_WARN_STRICT_PROTOTYPES = YES;
				CLANG_WARN_SUSPICIOUS_MOVE = YES;
				CLANG_WARN_UNGUARDED_AVAILABILITY = YES_AGGRESSIVE;
				CLANG_WARN_UNREACHABLE_CODE = YES;
				CLANG_WARN__DUPLICATE_METHOD_MATCH = YES;
				COPY_PHASE_STRIP = NO;
				DEBUG_INFORMATION_FORMAT = "dwarf-with-dsym";
				ENABLE_NS_ASSERTIONS = NO;
				ENABLE_STRICT_OBJC_MSGSEND = YES;
				GCC_C_LANGUAGE_STANDARD = gnu11;
				GCC_NO_COMMON_BLOCKS = YES;
				GCC_WARN_64_TO_32_BIT_CONVERSION = YES;
				GCC_WARN_ABOUT_RETURN_TYPE = YES_ERROR;
				GCC_WARN_UNDECLARED_SELECTOR = YES;
				GCC_WARN_UNINITIALIZED_AUTOS = YES_AGGRESSIVE;
				GCC_WARN_UNUSED_FUNCTION = YES;
				GCC_WARN_UNUSED_VARIABLE = YES;
				IPHONEOS_DEPLOYMENT_TARGET = 16.1;
				MTL_ENABLE_DEBUG_INFO = NO;
				MTL_FAST_MATH = YES;
				SDKROOT = iphoneos;
				SWIFT_COMPILATION_MODE = wholemodule;
				SWIFT_OPTIMIZATION_LEVEL = "-O";
				VALIDATE_PRODUCT = YES;
			};
			name = Release;
		};
		D10CD3A7298A56500092ED02 /* Debug */ = {
			isa = XCBuildConfiguration;
			buildSettings = {
				ASSETCATALOG_COMPILER_APPICON_NAME = AppIcon;
				ASSETCATALOG_COMPILER_GLOBAL_ACCENT_COLOR_NAME = AccentColor;
				CODE_SIGN_STYLE = Automatic;
				CURRENT_PROJECT_VERSION = 1;
				DEVELOPMENT_TEAM = 3G5W52F66Y;
				GENERATE_INFOPLIST_FILE = YES;
				INFOPLIST_FILE = News/Info.plist;
				INFOPLIST_KEY_UIApplicationSupportsIndirectInputEvents = YES;
				INFOPLIST_KEY_UILaunchStoryboardName = LaunchScreen;
				INFOPLIST_KEY_UIMainStoryboardFile = Main;
				INFOPLIST_KEY_UISupportedInterfaceOrientations_iPad = "UIInterfaceOrientationPortrait UIInterfaceOrientationPortraitUpsideDown UIInterfaceOrientationLandscapeLeft UIInterfaceOrientationLandscapeRight";
				INFOPLIST_KEY_UISupportedInterfaceOrientations_iPhone = "UIInterfaceOrientationPortrait UIInterfaceOrientationLandscapeLeft UIInterfaceOrientationLandscapeRight";
				LD_RUNPATH_SEARCH_PATHS = (
					"$(inherited)",
					"@executable_path/Frameworks",
				);
				MARKETING_VERSION = 1.0;
				PRODUCT_BUNDLE_IDENTIFIER = "Vlad-Varsockiy.News";
				PRODUCT_NAME = "$(TARGET_NAME)";
				SWIFT_EMIT_LOC_STRINGS = YES;
				SWIFT_VERSION = 5.0;
				TARGETED_DEVICE_FAMILY = "1,2";
			};
			name = Debug;
		};
		D10CD3A8298A56500092ED02 /* Release */ = {
			isa = XCBuildConfiguration;
			buildSettings = {
				ASSETCATALOG_COMPILER_APPICON_NAME = AppIcon;
				ASSETCATALOG_COMPILER_GLOBAL_ACCENT_COLOR_NAME = AccentColor;
				CODE_SIGN_STYLE = Automatic;
				CURRENT_PROJECT_VERSION = 1;
				DEVELOPMENT_TEAM = 3G5W52F66Y;
				GENERATE_INFOPLIST_FILE = YES;
				INFOPLIST_FILE = News/Info.plist;
				INFOPLIST_KEY_UIApplicationSupportsIndirectInputEvents = YES;
				INFOPLIST_KEY_UILaunchStoryboardName = LaunchScreen;
				INFOPLIST_KEY_UIMainStoryboardFile = Main;
				INFOPLIST_KEY_UISupportedInterfaceOrientations_iPad = "UIInterfaceOrientationPortrait UIInterfaceOrientationPortraitUpsideDown UIInterfaceOrientationLandscapeLeft UIInterfaceOrientationLandscapeRight";
				INFOPLIST_KEY_UISupportedInterfaceOrientations_iPhone = "UIInterfaceOrientationPortrait UIInterfaceOrientationLandscapeLeft UIInterfaceOrientationLandscapeRight";
				LD_RUNPATH_SEARCH_PATHS = (
					"$(inherited)",
					"@executable_path/Frameworks",
				);
				MARKETING_VERSION = 1.0;
				PRODUCT_BUNDLE_IDENTIFIER = "Vlad-Varsockiy.News";
				PRODUCT_NAME = "$(TARGET_NAME)";
				SWIFT_EMIT_LOC_STRINGS = YES;
				SWIFT_VERSION = 5.0;
				TARGETED_DEVICE_FAMILY = "1,2";
			};
			name = Release;
		};
/* End XCBuildConfiguration section */

/* Begin XCConfigurationList section */
		D10CD38D298A564E0092ED02 /* Build configuration list for PBXProject "News" */ = {
			isa = XCConfigurationList;
			buildConfigurations = (
				D10CD3A4298A56500092ED02 /* Debug */,
				D10CD3A5298A56500092ED02 /* Release */,
			);
			defaultConfigurationIsVisible = 0;
			defaultConfigurationName = Release;
		};
		D10CD3A6298A56500092ED02 /* Build configuration list for PBXNativeTarget "News" */ = {
			isa = XCConfigurationList;
			buildConfigurations = (
				D10CD3A7298A56500092ED02 /* Debug */,
				D10CD3A8298A56500092ED02 /* Release */,
			);
			defaultConfigurationIsVisible = 0;
			defaultConfigurationName = Release;
		};
/* End XCConfigurationList section */
	};
	rootObject = D10CD38A298A564E0092ED02 /* Project object */;
}
